// !$*UTF8*$!
{
	archiveVersion = 1;
	classes = {
	};
	objectVersion = 46;
	objects = {

/* Begin PBXBuildFile section */
		BFB000901DF0B43D0077E89F /* AppDelegate.swift in Sources */ = {isa = PBXBuildFile; fileRef = BFB0008F1DF0B43D0077E89F /* AppDelegate.swift */; };
		BFB000951DF0B43D0077E89F /* Main.storyboard in Resources */ = {isa = PBXBuildFile; fileRef = BFB000931DF0B43D0077E89F /* Main.storyboard */; };
		BFB000971DF0B43D0077E89F /* Assets.xcassets in Resources */ = {isa = PBXBuildFile; fileRef = BFB000961DF0B43D0077E89F /* Assets.xcassets */; };
		BFB0009A1DF0B43D0077E89F /* LaunchScreen.storyboard in Resources */ = {isa = PBXBuildFile; fileRef = BFB000981DF0B43D0077E89F /* LaunchScreen.storyboard */; };
		BFB000A21DF0B5190077E89F /* HomeController.swift in Sources */ = {isa = PBXBuildFile; fileRef = BFB000A11DF0B5190077E89F /* HomeController.swift */; };
		BFB000A41DF0B5A10077E89F /* SearchController.swift in Sources */ = {isa = PBXBuildFile; fileRef = BFB000A31DF0B5A10077E89F /* SearchController.swift */; };
		BFB000A61DF0B6070077E89F /* DetailsController.swift in Sources */ = {isa = PBXBuildFile; fileRef = BFB000A51DF0B6070077E89F /* DetailsController.swift */; };
		BFB000A81DF0B6460077E89F /* SearchCell.swift in Sources */ = {isa = PBXBuildFile; fileRef = BFB000A71DF0B6460077E89F /* SearchCell.swift */; };
		BFB000AC1DF0B6F70077E89F /* MyLocationTourPin.swift in Sources */ = {isa = PBXBuildFile; fileRef = BFB000AB1DF0B6F70077E89F /* MyLocationTourPin.swift */; };
		BFB000AE1DF0B8680077E89F /* SwiftyJSON.swift in Sources */ = {isa = PBXBuildFile; fileRef = BFB000AD1DF0B8680077E89F /* SwiftyJSON.swift */; };
		BFB000B51DF0D73C0077E89F /* Info.plist in Resources */ = {isa = PBXBuildFile; fileRef = BFB000B41DF0D73C0077E89F /* Info.plist */; };
		BFB000B71DF0D7780077E89F /* Info.plist in Resources */ = {isa = PBXBuildFile; fileRef = BFB000B61DF0D7780077E89F /* Info.plist */; };
		BFB000BB1DF0E0AA0077E89F /* MyLocationTourUITest.swift in Sources */ = {isa = PBXBuildFile; fileRef = BFB000BA1DF0E0AA0077E89F /* MyLocationTourUITest.swift */; };
		BFB000BD1DF0E1240077E89F /* Info.plist in Resources */ = {isa = PBXBuildFile; fileRef = BFB000BC1DF0E1240077E89F /* Info.plist */; };
/* End PBXBuildFile section */

/* Begin PBXFileReference section */
		BFB0008C1DF0B43D0077E89F /* MyLocationTour.app */ = {isa = PBXFileReference; explicitFileType = wrapper.application; includeInIndex = 0; path = MyLocationTour.app; sourceTree = BUILT_PRODUCTS_DIR; };
		BFB0008F1DF0B43D0077E89F /* AppDelegate.swift */ = {isa = PBXFileReference; lastKnownFileType = sourcecode.swift; path = AppDelegate.swift; sourceTree = "<group>"; };
		BFB000941DF0B43D0077E89F /* Base */ = {isa = PBXFileReference; lastKnownFileType = file.storyboard; name = Base; path = Base.lproj/Main.storyboard; sourceTree = "<group>"; };
		BFB000961DF0B43D0077E89F /* Assets.xcassets */ = {isa = PBXFileReference; lastKnownFileType = folder.assetcatalog; path = Assets.xcassets; sourceTree = "<group>"; };
		BFB000991DF0B43D0077E89F /* Base */ = {isa = PBXFileReference; lastKnownFileType = file.storyboard; name = Base; path = Base.lproj/LaunchScreen.storyboard; sourceTree = "<group>"; };
		BFB000A11DF0B5190077E89F /* HomeController.swift */ = {isa = PBXFileReference; fileEncoding = 4; lastKnownFileType = sourcecode.swift; path = HomeController.swift; sourceTree = "<group>"; };
		BFB000A31DF0B5A10077E89F /* SearchController.swift */ = {isa = PBXFileReference; fileEncoding = 4; lastKnownFileType = sourcecode.swift; path = SearchController.swift; sourceTree = "<group>"; };
		BFB000A51DF0B6070077E89F /* DetailsController.swift */ = {isa = PBXFileReference; fileEncoding = 4; lastKnownFileType = sourcecode.swift; path = DetailsController.swift; sourceTree = "<group>"; };
		BFB000A71DF0B6460077E89F /* SearchCell.swift */ = {isa = PBXFileReference; fileEncoding = 4; lastKnownFileType = sourcecode.swift; path = SearchCell.swift; sourceTree = "<group>"; };
		BFB000AB1DF0B6F70077E89F /* MyLocationTourPin.swift */ = {isa = PBXFileReference; fileEncoding = 4; lastKnownFileType = sourcecode.swift; path = MyLocationTourPin.swift; sourceTree = SOURCE_ROOT; };
		BFB000AD1DF0B8680077E89F /* SwiftyJSON.swift */ = {isa = PBXFileReference; fileEncoding = 4; lastKnownFileType = sourcecode.swift; name = SwiftyJSON.swift; path = "../../../Downloads/mrJitters-master/mrJitters/SwiftyJSON.swift"; sourceTree = "<group>"; };
		BFB000B01DF0D6490077E89F /* MyLocationTourTests.swift */ = {isa = PBXFileReference; fileEncoding = 4; lastKnownFileType = sourcecode.swift; path = MyLocationTourTests.swift; sourceTree = "<group>"; };
		BFB000B41DF0D73C0077E89F /* Info.plist */ = {isa = PBXFileReference; fileEncoding = 4; lastKnownFileType = text.plist.xml; name = Info.plist; path = "../../../Downloads/mrJitters-master/mrJittersTests/Info.plist"; sourceTree = "<group>"; };
		BFB000B61DF0D7780077E89F /* Info.plist */ = {isa = PBXFileReference; fileEncoding = 4; lastKnownFileType = text.plist.xml; name = Info.plist; path = "../../../Downloads/mrJitters-master/mrJitters/Info.plist"; sourceTree = "<group>"; };
		BFB000BA1DF0E0AA0077E89F /* MyLocationTourUITest.swift */ = {isa = PBXFileReference; fileEncoding = 4; lastKnownFileType = sourcecode.swift; name = MyLocationTourUITest.swift; path = ../../MyLocationTourUITest.swift; sourceTree = "<group>"; };
		BFB000BC1DF0E1240077E89F /* Info.plist */ = {isa = PBXFileReference; fileEncoding = 4; lastKnownFileType = text.plist.xml; name = Info.plist; path = "../../../Downloads/mrJitters-master/mrJittersUITests/Info.plist"; sourceTree = "<group>"; };
/* End PBXFileReference section */

/* Begin PBXFrameworksBuildPhase section */
		BFB000891DF0B43D0077E89F /* Frameworks */ = {
			isa = PBXFrameworksBuildPhase;
			buildActionMask = 2147483647;
			files = (
			);
			runOnlyForDeploymentPostprocessing = 0;
		};
/* End PBXFrameworksBuildPhase section */

/* Begin PBXGroup section */
		BFB000831DF0B43C0077E89F = {
			isa = PBXGroup;
			children = (
				BFB0008E1DF0B43D0077E89F /* MyLocationTour */,
				BFB000AF1DF0D4ED0077E89F /* MyLocationTourTests */,
				BFB000B91DF0E03E0077E89F /* MyLocationTourUITest */,
				BFB0008D1DF0B43D0077E89F /* Products */,
			);
			sourceTree = "<group>";
		};
		BFB0008D1DF0B43D0077E89F /* Products */ = {
			isa = PBXGroup;
			children = (
				BFB0008C1DF0B43D0077E89F /* MyLocationTour.app */,
			);
			name = Products;
			sourceTree = "<group>";
		};
		BFB0008E1DF0B43D0077E89F /* MyLocationTour */ = {
			isa = PBXGroup;
			children = (
				BFB0008F1DF0B43D0077E89F /* AppDelegate.swift */,
				BFB000A11DF0B5190077E89F /* HomeController.swift */,
				BFB000A31DF0B5A10077E89F /* SearchController.swift */,
				BFB000A51DF0B6070077E89F /* DetailsController.swift */,
				BFB000A71DF0B6460077E89F /* SearchCell.swift */,
				BFB000AB1DF0B6F70077E89F /* MyLocationTourPin.swift */,
				BFB000AD1DF0B8680077E89F /* SwiftyJSON.swift */,
				BFB000931DF0B43D0077E89F /* Main.storyboard */,
				BFB000961DF0B43D0077E89F /* Assets.xcassets */,
				BFB000981DF0B43D0077E89F /* LaunchScreen.storyboard */,
				BFB000B61DF0D7780077E89F /* Info.plist */,
			);
			path = MyLocationTour;
			sourceTree = "<group>";
		};
		BFB000AF1DF0D4ED0077E89F /* MyLocationTourTests */ = {
			isa = PBXGroup;
			children = (
				BFB000B01DF0D6490077E89F /* MyLocationTourTests.swift */,
				BFB000B41DF0D73C0077E89F /* Info.plist */,
			);
			name = MyLocationTourTests;
			path = MyLocationTour;
			sourceTree = "<group>";
		};
		BFB000B91DF0E03E0077E89F /* MyLocationTourUITest */ = {
			isa = PBXGroup;
			children = (
				BFB000BA1DF0E0AA0077E89F /* MyLocationTourUITest.swift */,
				BFB000BC1DF0E1240077E89F /* Info.plist */,
			);
			name = MyLocationTourUITest;
			path = MyLocationTour;
			sourceTree = "<group>";
		};
/* End PBXGroup section */

/* Begin PBXNativeTarget section */
		BFB0008B1DF0B43D0077E89F /* MyLocationTour */ = {
			isa = PBXNativeTarget;
			buildConfigurationList = BFB0009E1DF0B43D0077E89F /* Build configuration list for PBXNativeTarget "MyLocationTour" */;
			buildPhases = (
				BFB000881DF0B43D0077E89F /* Sources */,
				BFB000891DF0B43D0077E89F /* Frameworks */,
				BFB0008A1DF0B43D0077E89F /* Resources */,
			);
			buildRules = (
			);
			dependencies = (
			);
			name = MyLocationTour;
			productName = MyLocationTour;
			productReference = BFB0008C1DF0B43D0077E89F /* MyLocationTour.app */;
			productType = "com.apple.product-type.application";
		};
/* End PBXNativeTarget section */

/* Begin PBXProject section */
		BFB000841DF0B43C0077E89F /* Project object */ = {
			isa = PBXProject;
			attributes = {
				LastSwiftUpdateCheck = 0800;
				LastUpgradeCheck = 0800;
				ORGANIZATIONNAME = "Luis Torres";
				TargetAttributes = {
					BFB0008B1DF0B43D0077E89F = {
						CreatedOnToolsVersion = 8.0;
						ProvisioningStyle = Automatic;
					};
				};
			};
			buildConfigurationList = BFB000871DF0B43C0077E89F /* Build configuration list for PBXProject "MyLocationTour" */;
			compatibilityVersion = "Xcode 3.2";
			developmentRegion = English;
			hasScannedForEncodings = 0;
			knownRegions = (
				en,
				Base,
			);
			mainGroup = BFB000831DF0B43C0077E89F;
			productRefGroup = BFB0008D1DF0B43D0077E89F /* Products */;
			projectDirPath = "";
			projectRoot = "";
			targets = (
				BFB0008B1DF0B43D0077E89F /* MyLocationTour */,
			);
		};
/* End PBXProject section */

/* Begin PBXResourcesBuildPhase section */
		BFB0008A1DF0B43D0077E89F /* Resources */ = {
			isa = PBXResourcesBuildPhase;
			buildActionMask = 2147483647;
			files = (
				BFB0009A1DF0B43D0077E89F /* LaunchScreen.storyboard in Resources */,
				BFB000B71DF0D7780077E89F /* Info.plist in Resources */,
				BFB000BD1DF0E1240077E89F /* Info.plist in Resources */,
				BFB000971DF0B43D0077E89F /* Assets.xcassets in Resources */,
				BFB000B51DF0D73C0077E89F /* Info.plist in Resources */,
				BFB000951DF0B43D0077E89F /* Main.storyboard in Resources */,
			);
			runOnlyForDeploymentPostprocessing = 0;
		};
/* End PBXResourcesBuildPhase section */

/* Begin PBXSourcesBuildPhase section */
		BFB000881DF0B43D0077E89F /* Sources */ = {
			isa = PBXSourcesBuildPhase;
			buildActionMask = 2147483647;
			files = (
				BFB000A81DF0B6460077E89F /* SearchCell.swift in Sources */,
				BFB000901DF0B43D0077E89F /* AppDelegate.swift in Sources */,
				BFB000AE1DF0B8680077E89F /* SwiftyJSON.swift in Sources */,
				BFB000A61DF0B6070077E89F /* DetailsController.swift in Sources */,
				BFB000A21DF0B5190077E89F /* HomeController.swift in Sources */,
				BFB000AC1DF0B6F70077E89F /* MyLocationTourPin.swift in Sources */,
				BFB000BB1DF0E0AA0077E89F /* MyLocationTourUITest.swift in Sources */,
				BFB000A41DF0B5A10077E89F /* SearchController.swift in Sources */,
			);
			runOnlyForDeploymentPostprocessing = 0;
		};
/* End PBXSourcesBuildPhase section */

/* Begin PBXVariantGroup section */
		BFB000931DF0B43D0077E89F /* Main.storyboard */ = {
			isa = PBXVariantGroup;
			children = (
				BFB000941DF0B43D0077E89F /* Base */,
			);
			name = Main.storyboard;
			sourceTree = "<group>";
		};
		BFB000981DF0B43D0077E89F /* LaunchScreen.storyboard */ = {
			isa = PBXVariantGroup;
			children = (
				BFB000991DF0B43D0077E89F /* Base */,
			);
			name = LaunchScreen.storyboard;
			sourceTree = "<group>";
		};
/* End PBXVariantGroup section */

/* Begin XCBuildConfiguration section */
		BFB0009C1DF0B43D0077E89F /* Debug */ = {
			isa = XCBuildConfiguration;
			buildSettings = {
				ALWAYS_SEARCH_USER_PATHS = NO;
				CLANG_ANALYZER_NONNULL = YES;
				CLANG_CXX_LANGUAGE_STANDARD = "gnu++0x";
				CLANG_CXX_LIBRARY = "libc++";
				CLANG_ENABLE_MODULES = YES;
				CLANG_ENABLE_OBJC_ARC = YES;
				CLANG_WARN_BOOL_CONVERSION = YES;
				CLANG_WARN_CONSTANT_CONVERSION = YES;
				CLANG_WARN_DIRECT_OBJC_ISA_USAGE = YES_ERROR;
				CLANG_WARN_DOCUMENTATION_COMMENTS = YES;
				CLANG_WARN_EMPTY_BODY = YES;
				CLANG_WARN_ENUM_CONVERSION = YES;
				CLANG_WARN_INFINITE_RECURSION = YES;
				CLANG_WARN_INT_CONVERSION = YES;
				CLANG_WARN_OBJC_ROOT_CLASS = YES_ERROR;
				CLANG_WARN_SUSPICIOUS_MOVES = YES;
				CLANG_WARN_UNREACHABLE_CODE = YES;
				CLANG_WARN__DUPLICATE_METHOD_MATCH = YES;
				"CODE_SIGN_IDENTITY[sdk=*]" = "Cocoa Touch Testing Bundle";
				COPY_PHASE_STRIP = NO;
				DEBUG_INFORMATION_FORMAT = dwarf;
				ENABLE_STRICT_OBJC_MSGSEND = YES;
				ENABLE_TESTABILITY = YES;
				GCC_C_LANGUAGE_STANDARD = gnu99;
				GCC_DYNAMIC_NO_PIC = NO;
				GCC_NO_COMMON_BLOCKS = YES;
				GCC_OPTIMIZATION_LEVEL = 0;
				GCC_PREPROCESSOR_DEFINITIONS = (
					"DEBUG=1",
					"$(inherited)",
				);
				GCC_WARN_64_TO_32_BIT_CONVERSION = YES;
				GCC_WARN_ABOUT_RETURN_TYPE = YES_ERROR;
				GCC_WARN_UNDECLARED_SELECTOR = YES;
				GCC_WARN_UNINITIALIZED_AUTOS = YES_AGGRESSIVE;
				GCC_WARN_UNUSED_FUNCTION = YES;
				GCC_WARN_UNUSED_VARIABLE = YES;
				IPHONEOS_DEPLOYMENT_TARGET = 10.0;
				MTL_ENABLE_DEBUG_INFO = YES;
				ONLY_ACTIVE_ARCH = YES;
				SDKROOT = iphoneos;
				SWIFT_ACTIVE_COMPILATION_CONDITIONS = DEBUG;
				SWIFT_OPTIMIZATION_LEVEL = "-Onone";
			};
			name = Debug;
		};
		BFB0009D1DF0B43D0077E89F /* Release */ = {
			isa = XCBuildConfiguration;
			buildSettings = {
				ALWAYS_SEARCH_USER_PATHS = NO;
				CLANG_ANALYZER_NONNULL = YES;
				CLANG_CXX_LANGUAGE_STANDARD = "gnu++0x";
				CLANG_CXX_LIBRARY = "libc++";
				CLANG_ENABLE_MODULES = YES;
				CLANG_ENABLE_OBJC_ARC = YES;
				CLANG_WARN_BOOL_CONVERSION = YES;
				CLANG_WARN_CONSTANT_CONVERSION = YES;
				CLANG_WARN_DIRECT_OBJC_ISA_USAGE = YES_ERROR;
				CLANG_WARN_DOCUMENTATION_COMMENTS = YES;
				CLANG_WARN_EMPTY_BODY = YES;
				CLANG_WARN_ENUM_CONVERSION = YES;
				CLANG_WARN_INFINITE_RECURSION = YES;
				CLANG_WARN_INT_CONVERSION = YES;
				CLANG_WARN_OBJC_ROOT_CLASS = YES_ERROR;
				CLANG_WARN_SUSPICIOUS_MOVES = YES;
				CLANG_WARN_UNREACHABLE_CODE = YES;
				CLANG_WARN__DUPLICATE_METHOD_MATCH = YES;
				CODE_SIGN_IDENTITY = "Cocoa Touch Testing Bundle";
				"CODE_SIGN_IDENTITY[sdk=*]" = "";
				COPY_PHASE_STRIP = NO;
				DEBUG_INFORMATION_FORMAT = "dwarf-with-dsym";
				ENABLE_NS_ASSERTIONS = NO;
				ENABLE_STRICT_OBJC_MSGSEND = YES;
				GCC_C_LANGUAGE_STANDARD = gnu99;
				GCC_NO_COMMON_BLOCKS = YES;
				GCC_WARN_64_TO_32_BIT_CONVERSION = YES;
				GCC_WARN_ABOUT_RETURN_TYPE = YES_ERROR;
				GCC_WARN_UNDECLARED_SELECTOR = YES;
				GCC_WARN_UNINITIALIZED_AUTOS = YES_AGGRESSIVE;
				GCC_WARN_UNUSED_FUNCTION = YES;
				GCC_WARN_UNUSED_VARIABLE = YES;
				IPHONEOS_DEPLOYMENT_TARGET = 10.0;
				MTL_ENABLE_DEBUG_INFO = NO;
				SDKROOT = iphoneos;
				SWIFT_OPTIMIZATION_LEVEL = "-Owholemodule";
				VALIDATE_PRODUCT = YES;
			};
			name = Release;
		};
		BFB0009F1DF0B43D0077E89F /* Debug */ = {
			isa = XCBuildConfiguration;
			buildSettings = {
				ASSETCATALOG_COMPILER_APPICON_NAME = AppIcon;
				INFOPLIST_FILE = MyLocationTour/Info.plist;
				LD_RUNPATH_SEARCH_PATHS = "$(inherited) @executable_path/Frameworks";
				PRODUCT_BUNDLE_IDENTIFIER = pt.ipleiria.MyLocationTour;
				PRODUCT_NAME = "$(TARGET_NAME)";
				SWIFT_VERSION = 3.0;
			};
			name = Debug;
		};
		BFB000A01DF0B43D0077E89F /* Release */ = {
			isa = XCBuildConfiguration;
			buildSettings = {
				ASSETCATALOG_COMPILER_APPICON_NAME = AppIcon;
				INFOPLIST_FILE = MyLocationTour/Info.plist;
				LD_RUNPATH_SEARCH_PATHS = "$(inherited) @executable_path/Frameworks";
				PRODUCT_BUNDLE_IDENTIFIER = pt.ipleiria.MyLocationTour;
				PRODUCT_NAME = "$(TARGET_NAME)";
				SWIFT_VERSION = 3.0;
			};
			name = Release;
		};
/* End XCBuildConfiguration section */

/* Begin XCConfigurationList section */
		BFB000871DF0B43C0077E89F /* Build configuration list for PBXProject "MyLocationTour" */ = {
			isa = XCConfigurationList;
			buildConfigurations = (
				BFB0009C1DF0B43D0077E89F /* Debug */,
				BFB0009D1DF0B43D0077E89F /* Release */,
			);
			defaultConfigurationIsVisible = 0;
			defaultConfigurationName = Release;
		};
		BFB0009E1DF0B43D0077E89F /* Build configuration list for PBXNativeTarget "MyLocationTour" */ = {
			isa = XCConfigurationList;
			buildConfigurations = (
				BFB0009F1DF0B43D0077E89F /* Debug */,
				BFB000A01DF0B43D0077E89F /* Release */,
			);
			defaultConfigurationIsVisible = 0;
			defaultConfigurationName = Release;
		};
/* End XCConfigurationList section */
	};
	rootObject = BFB000841DF0B43C0077E89F /* Project object */;
}
